
Microsoft Visual Studio Solution File, Format Version 12.00
# Visual Studio Version 17
VisualStudioVersion = 17.9.34622.214
MinimumVisualStudioVersion = 10.0.40219.1
Project("{FAE04EC0-301F-11D3-BF4B-00C04F79EFBC}") = "DBPruebaGuid", "DBPruebaGuid\DBPruebaGuid.csproj", "{8E5B4F21-B35F-435C-92DE-BBA4AF942A78}"
EndProject
Global
	GlobalSection(SolutionConfigurationPlatforms) = preSolution
		Debug|Any CPU = Debug|Any CPU
		Release|Any CPU = Release|Any CPU
	EndGlobalSection
	GlobalSection(ProjectConfigurationPlatforms) = postSolution
		{8E5B4F21-B35F-435C-92DE-BBA4AF942A78}.Debug|Any CPU.ActiveCfg = Debug|Any CPU
		{8E5B4F21-B35F-435C-92DE-BBA4AF942A78}.Debug|Any CPU.Build.0 = Debug|Any CPU
		{8E5B4F21-B35F-435C-92DE-BBA4AF942A78}.Release|Any CPU.ActiveCfg = Release|Any CPU
		{8E5B4F21-B35F-435C-92DE-BBA4AF942A78}.Release|Any CPU.Build.0 = Release|Any CPU
	EndGlobalSection
	GlobalSection(SolutionProperties) = preSolution
		HideSolutionNode = FALSE
	EndGlobalSection
	GlobalSection(ExtensibilityGlobals) = postSolution
		SolutionGuid = {A2636827-6474-4B67-BF32-C24CE39A23BB}
	EndGlobalSection
EndGlobal
